
Microsoft Visual Studio Solution File, Format Version 12.00
# Visual Studio Version 17
VisualStudioVersion = 17.14.36301.6 d17.14
MinimumVisualStudioVersion = 10.0.40219.1
Project("{FAE04EC0-301F-11D3-BF4B-00C04F79EFBC}") = "paractiprojectFprReopsitory", "paractiprojectFprReopsitory\paractiprojectFprReopsitory.csproj", "{CED4880B-50B8-4BB0-BBE4-E1083B344E3E}"
EndProject
Global
	GlobalSection(SolutionConfigurationPlatforms) = preSolution
		Debug|Any CPU = Debug|Any CPU
		Release|Any CPU = Release|Any CPU
	EndGlobalSection
	GlobalSection(ProjectConfigurationPlatforms) = postSolution
		{CED4880B-50B8-4BB0-BBE4-E1083B344E3E}.Debug|Any CPU.ActiveCfg = Debug|Any CPU
		{CED4880B-50B8-4BB0-BBE4-E1083B344E3E}.Debug|Any CPU.Build.0 = Debug|Any CPU
		{CED4880B-50B8-4BB0-BBE4-E1083B344E3E}.Release|Any CPU.ActiveCfg = Release|Any CPU
		{CED4880B-50B8-4BB0-BBE4-E1083B344E3E}.Release|Any CPU.Build.0 = Release|Any CPU
	EndGlobalSection
	GlobalSection(SolutionProperties) = preSolution
		HideSolutionNode = FALSE
	EndGlobalSection
	GlobalSection(ExtensibilityGlobals) = postSolution
		SolutionGuid = {EEFF8F87-23FA-471A-B84F-455C466F5D8D}
	EndGlobalSection
EndGlobal
